// !$*UTF8*$!
{
	archiveVersion = 1;
	classes = {
	};
	objectVersion = 51;
	objects = {

/* Begin PBXBuildFile section */
		4A70F0EC3E1A5FEC55424156 /* Pods_fixster_fixsterUITests.framework in Frameworks */ = {isa = PBXBuildFile; fileRef = 39070DC4C7B7BDE037AB89EB /* Pods_fixster_fixsterUITests.framework */; };
		8CBC8F59E3C1911224631A76 /* Pods_fixsterTests.framework in Frameworks */ = {isa = PBXBuildFile; fileRef = A2956FECD295BBF367FA87E8 /* Pods_fixsterTests.framework */; };
		C71E28DF25DF50F4009DC9B2 /* AppDelegate.swift in Sources */ = {isa = PBXBuildFile; fileRef = C71E28DE25DF50F4009DC9B2 /* AppDelegate.swift */; };
		C71E28E125DF50F4009DC9B2 /* SceneDelegate.swift in Sources */ = {isa = PBXBuildFile; fileRef = C71E28E025DF50F4009DC9B2 /* SceneDelegate.swift */; };
		C71E28E625DF50F4009DC9B2 /* Main.storyboard in Resources */ = {isa = PBXBuildFile; fileRef = C71E28E425DF50F4009DC9B2 /* Main.storyboard */; };
		C71E28E825DF50F9009DC9B2 /* Assets.xcassets in Resources */ = {isa = PBXBuildFile; fileRef = C71E28E725DF50F9009DC9B2 /* Assets.xcassets */; };
		C71E28EB25DF50F9009DC9B2 /* LaunchScreen.storyboard in Resources */ = {isa = PBXBuildFile; fileRef = C71E28E925DF50F9009DC9B2 /* LaunchScreen.storyboard */; };
		C71E28F625DF50FA009DC9B2 /* fixsterTests.swift in Sources */ = {isa = PBXBuildFile; fileRef = C71E28F525DF50FA009DC9B2 /* fixsterTests.swift */; };
		C71E290125DF50FA009DC9B2 /* fixsterUITests.swift in Sources */ = {isa = PBXBuildFile; fileRef = C71E290025DF50FA009DC9B2 /* fixsterUITests.swift */; };
		C71E290F25DF5284009DC9B2 /* MoviesViewController.swift in Sources */ = {isa = PBXBuildFile; fileRef = C71E290E25DF5284009DC9B2 /* MoviesViewController.swift */; };
		C71E291125DF7528009DC9B2 /* MovieCell.swift in Sources */ = {isa = PBXBuildFile; fileRef = C71E291025DF7528009DC9B2 /* MovieCell.swift */; };
		C746044525E88A42004CAA96 /* MovieDetailsViewController.swift in Sources */ = {isa = PBXBuildFile; fileRef = C746044425E88A42004CAA96 /* MovieDetailsViewController.swift */; };
		C746044725E8A18C004CAA96 /* MovieGridViewController.swift in Sources */ = {isa = PBXBuildFile; fileRef = C746044625E8A18C004CAA96 /* MovieGridViewController.swift */; };
		C746044925E8A787004CAA96 /* MovieGridCell.swift in Sources */ = {isa = PBXBuildFile; fileRef = C746044825E8A787004CAA96 /* MovieGridCell.swift */; };
		DF80529B340098DEAED6312E /* Pods_fixster.framework in Frameworks */ = {isa = PBXBuildFile; fileRef = 19001F3795A1942CCA588DA1 /* Pods_fixster.framework */; };
/* End PBXBuildFile section */

/* Begin PBXContainerItemProxy section */
		C71E28F225DF50FA009DC9B2 /* PBXContainerItemProxy */ = {
			isa = PBXContainerItemProxy;
			containerPortal = C71E28D325DF50F4009DC9B2 /* Project object */;
			proxyType = 1;
			remoteGlobalIDString = C71E28DA25DF50F4009DC9B2;
			remoteInfo = fixster;
		};
		C71E28FD25DF50FA009DC9B2 /* PBXContainerItemProxy */ = {
			isa = PBXContainerItemProxy;
			containerPortal = C71E28D325DF50F4009DC9B2 /* Project object */;
			proxyType = 1;
			remoteGlobalIDString = C71E28DA25DF50F4009DC9B2;
			remoteInfo = fixster;
		};
/* End PBXContainerItemProxy section */

/* Begin PBXFileReference section */
		13CF0D5FC8DB2376139EC92A /* Pods-fixster.release.xcconfig */ = {isa = PBXFileReference; includeInIndex = 1; lastKnownFileType = text.xcconfig; name = "Pods-fixster.release.xcconfig"; path = "Target Support Files/Pods-fixster/Pods-fixster.release.xcconfig"; sourceTree = "<group>"; };
		1714604D5D3BE6116500C7A5 /* Pods-fixster-fixsterUITests.release.xcconfig */ = {isa = PBXFileReference; includeInIndex = 1; lastKnownFileType = text.xcconfig; name = "Pods-fixster-fixsterUITests.release.xcconfig"; path = "Target Support Files/Pods-fixster-fixsterUITests/Pods-fixster-fixsterUITests.release.xcconfig"; sourceTree = "<group>"; };
		19001F3795A1942CCA588DA1 /* Pods_fixster.framework */ = {isa = PBXFileReference; explicitFileType = wrapper.framework; includeInIndex = 0; path = Pods_fixster.framework; sourceTree = BUILT_PRODUCTS_DIR; };
		2BA8FE57474C3DC6A4AC711D /* Pods-fixster-fixsterUITests.debug.xcconfig */ = {isa = PBXFileReference; includeInIndex = 1; lastKnownFileType = text.xcconfig; name = "Pods-fixster-fixsterUITests.debug.xcconfig"; path = "Target Support Files/Pods-fixster-fixsterUITests/Pods-fixster-fixsterUITests.debug.xcconfig"; sourceTree = "<group>"; };
		39070DC4C7B7BDE037AB89EB /* Pods_fixster_fixsterUITests.framework */ = {isa = PBXFileReference; explicitFileType = wrapper.framework; includeInIndex = 0; path = Pods_fixster_fixsterUITests.framework; sourceTree = BUILT_PRODUCTS_DIR; };
		A2956FECD295BBF367FA87E8 /* Pods_fixsterTests.framework */ = {isa = PBXFileReference; explicitFileType = wrapper.framework; includeInIndex = 0; path = Pods_fixsterTests.framework; sourceTree = BUILT_PRODUCTS_DIR; };
		BC648E7B6E117E3BF7D02C55 /* Pods-fixster.debug.xcconfig */ = {isa = PBXFileReference; includeInIndex = 1; lastKnownFileType = text.xcconfig; name = "Pods-fixster.debug.xcconfig"; path = "Target Support Files/Pods-fixster/Pods-fixster.debug.xcconfig"; sourceTree = "<group>"; };
		C71E28DB25DF50F4009DC9B2 /* fixster.app */ = {isa = PBXFileReference; explicitFileType = wrapper.application; includeInIndex = 0; path = fixster.app; sourceTree = BUILT_PRODUCTS_DIR; };
		C71E28DE25DF50F4009DC9B2 /* AppDelegate.swift */ = {isa = PBXFileReference; lastKnownFileType = sourcecode.swift; path = AppDelegate.swift; sourceTree = "<group>"; };
		C71E28E025DF50F4009DC9B2 /* SceneDelegate.swift */ = {isa = PBXFileReference; lastKnownFileType = sourcecode.swift; path = SceneDelegate.swift; sourceTree = "<group>"; };
		C71E28E525DF50F4009DC9B2 /* Base */ = {isa = PBXFileReference; lastKnownFileType = file.storyboard; name = Base; path = Base.lproj/Main.storyboard; sourceTree = "<group>"; };
		C71E28E725DF50F9009DC9B2 /* Assets.xcassets */ = {isa = PBXFileReference; lastKnownFileType = folder.assetcatalog; path = Assets.xcassets; sourceTree = "<group>"; };
		C71E28EA25DF50F9009DC9B2 /* Base */ = {isa = PBXFileReference; lastKnownFileType = file.storyboard; name = Base; path = Base.lproj/LaunchScreen.storyboard; sourceTree = "<group>"; };
		C71E28EC25DF50F9009DC9B2 /* Info.plist */ = {isa = PBXFileReference; lastKnownFileType = text.plist.xml; path = Info.plist; sourceTree = "<group>"; };
		C71E28F125DF50FA009DC9B2 /* fixsterTests.xctest */ = {isa = PBXFileReference; explicitFileType = wrapper.cfbundle; includeInIndex = 0; path = fixsterTests.xctest; sourceTree = BUILT_PRODUCTS_DIR; };
		C71E28F525DF50FA009DC9B2 /* fixsterTests.swift */ = {isa = PBXFileReference; lastKnownFileType = sourcecode.swift; path = fixsterTests.swift; sourceTree = "<group>"; };
		C71E28F725DF50FA009DC9B2 /* Info.plist */ = {isa = PBXFileReference; lastKnownFileType = text.plist.xml; path = Info.plist; sourceTree = "<group>"; };
		C71E28FC25DF50FA009DC9B2 /* fixsterUITests.xctest */ = {isa = PBXFileReference; explicitFileType = wrapper.cfbundle; includeInIndex = 0; path = fixsterUITests.xctest; sourceTree = BUILT_PRODUCTS_DIR; };
		C71E290025DF50FA009DC9B2 /* fixsterUITests.swift */ = {isa = PBXFileReference; lastKnownFileType = sourcecode.swift; path = fixsterUITests.swift; sourceTree = "<group>"; };
		C71E290225DF50FA009DC9B2 /* Info.plist */ = {isa = PBXFileReference; lastKnownFileType = text.plist.xml; path = Info.plist; sourceTree = "<group>"; };
		C71E290E25DF5284009DC9B2 /* MoviesViewController.swift */ = {isa = PBXFileReference; lastKnownFileType = sourcecode.swift; path = MoviesViewController.swift; sourceTree = "<group>"; };
		C71E291025DF7528009DC9B2 /* MovieCell.swift */ = {isa = PBXFileReference; lastKnownFileType = sourcecode.swift; path = MovieCell.swift; sourceTree = "<group>"; };
		C746044425E88A42004CAA96 /* MovieDetailsViewController.swift */ = {isa = PBXFileReference; lastKnownFileType = sourcecode.swift; path = MovieDetailsViewController.swift; sourceTree = "<group>"; };
		C746044625E8A18C004CAA96 /* MovieGridViewController.swift */ = {isa = PBXFileReference; lastKnownFileType = sourcecode.swift; path = MovieGridViewController.swift; sourceTree = "<group>"; };
		C746044825E8A787004CAA96 /* MovieGridCell.swift */ = {isa = PBXFileReference; lastKnownFileType = sourcecode.swift; path = MovieGridCell.swift; sourceTree = "<group>"; };
		DEED0A655AE5B8B5FD04F5E4 /* Pods-fixsterTests.release.xcconfig */ = {isa = PBXFileReference; includeInIndex = 1; lastKnownFileType = text.xcconfig; name = "Pods-fixsterTests.release.xcconfig"; path = "Target Support Files/Pods-fixsterTests/Pods-fixsterTests.release.xcconfig"; sourceTree = "<group>"; };
		FA8701CC43EDD59B1481FB3C /* Pods-fixsterTests.debug.xcconfig */ = {isa = PBXFileReference; includeInIndex = 1; lastKnownFileType = text.xcconfig; name = "Pods-fixsterTests.debug.xcconfig"; path = "Target Support Files/Pods-fixsterTests/Pods-fixsterTests.debug.xcconfig"; sourceTree = "<group>"; };
/* End PBXFileReference section */

/* Begin PBXFrameworksBuildPhase section */
		C71E28D825DF50F4009DC9B2 /* Frameworks */ = {
			isa = PBXFrameworksBuildPhase;
			buildActionMask = 2147483647;
			files = (
				DF80529B340098DEAED6312E /* Pods_fixster.framework in Frameworks */,
			);
			runOnlyForDeploymentPostprocessing = 0;
		};
		C71E28EE25DF50FA009DC9B2 /* Frameworks */ = {
			isa = PBXFrameworksBuildPhase;
			buildActionMask = 2147483647;
			files = (
				8CBC8F59E3C1911224631A76 /* Pods_fixsterTests.framework in Frameworks */,
			);
			runOnlyForDeploymentPostprocessing = 0;
		};
		C71E28F925DF50FA009DC9B2 /* Frameworks */ = {
			isa = PBXFrameworksBuildPhase;
			buildActionMask = 2147483647;
			files = (
				4A70F0EC3E1A5FEC55424156 /* Pods_fixster_fixsterUITests.framework in Frameworks */,
			);
			runOnlyForDeploymentPostprocessing = 0;
		};
/* End PBXFrameworksBuildPhase section */

/* Begin PBXGroup section */
		9D52513DD0B00D398D969281 /* Pods */ = {
			isa = PBXGroup;
			children = (
				BC648E7B6E117E3BF7D02C55 /* Pods-fixster.debug.xcconfig */,
				13CF0D5FC8DB2376139EC92A /* Pods-fixster.release.xcconfig */,
				2BA8FE57474C3DC6A4AC711D /* Pods-fixster-fixsterUITests.debug.xcconfig */,
				1714604D5D3BE6116500C7A5 /* Pods-fixster-fixsterUITests.release.xcconfig */,
				FA8701CC43EDD59B1481FB3C /* Pods-fixsterTests.debug.xcconfig */,
				DEED0A655AE5B8B5FD04F5E4 /* Pods-fixsterTests.release.xcconfig */,
			);
			path = Pods;
			sourceTree = "<group>";
		};
		C71E28D225DF50F4009DC9B2 = {
			isa = PBXGroup;
			children = (
				C71E28DD25DF50F4009DC9B2 /* fixster */,
				C71E28F425DF50FA009DC9B2 /* fixsterTests */,
				C71E28FF25DF50FA009DC9B2 /* fixsterUITests */,
				C71E28DC25DF50F4009DC9B2 /* Products */,
				9D52513DD0B00D398D969281 /* Pods */,
				F8BCD49A685F354DB9996E6F /* Frameworks */,
			);
			sourceTree = "<group>";
		};
		C71E28DC25DF50F4009DC9B2 /* Products */ = {
			isa = PBXGroup;
			children = (
				C71E28DB25DF50F4009DC9B2 /* fixster.app */,
				C71E28F125DF50FA009DC9B2 /* fixsterTests.xctest */,
				C71E28FC25DF50FA009DC9B2 /* fixsterUITests.xctest */,
			);
			name = Products;
			sourceTree = "<group>";
		};
		C71E28DD25DF50F4009DC9B2 /* fixster */ = {
			isa = PBXGroup;
			children = (
				C71E28DE25DF50F4009DC9B2 /* AppDelegate.swift */,
				C71E28E025DF50F4009DC9B2 /* SceneDelegate.swift */,
				C71E28E425DF50F4009DC9B2 /* Main.storyboard */,
				C71E291025DF7528009DC9B2 /* MovieCell.swift */,
				C71E28E725DF50F9009DC9B2 /* Assets.xcassets */,
				C71E28E925DF50F9009DC9B2 /* LaunchScreen.storyboard */,
				C71E28EC25DF50F9009DC9B2 /* Info.plist */,
				C71E290E25DF5284009DC9B2 /* MoviesViewController.swift */,
				C746044425E88A42004CAA96 /* MovieDetailsViewController.swift */,
				C746044625E8A18C004CAA96 /* MovieGridViewController.swift */,
				C746044825E8A787004CAA96 /* MovieGridCell.swift */,
			);
			path = fixster;
			sourceTree = "<group>";
		};
		C71E28F425DF50FA009DC9B2 /* fixsterTests */ = {
			isa = PBXGroup;
			children = (
				C71E28F525DF50FA009DC9B2 /* fixsterTests.swift */,
				C71E28F725DF50FA009DC9B2 /* Info.plist */,
			);
			path = fixsterTests;
			sourceTree = "<group>";
		};
		C71E28FF25DF50FA009DC9B2 /* fixsterUITests */ = {
			isa = PBXGroup;
			children = (
				C71E290025DF50FA009DC9B2 /* fixsterUITests.swift */,
				C71E290225DF50FA009DC9B2 /* Info.plist */,
			);
			path = fixsterUITests;
			sourceTree = "<group>";
		};
		F8BCD49A685F354DB9996E6F /* Frameworks */ = {
			isa = PBXGroup;
			children = (
				19001F3795A1942CCA588DA1 /* Pods_fixster.framework */,
				39070DC4C7B7BDE037AB89EB /* Pods_fixster_fixsterUITests.framework */,
				A2956FECD295BBF367FA87E8 /* Pods_fixsterTests.framework */,
			);
			name = Frameworks;
			sourceTree = "<group>";
		};
/* End PBXGroup section */

/* Begin PBXNativeTarget section */
		C71E28DA25DF50F4009DC9B2 /* fixster */ = {
			isa = PBXNativeTarget;
			buildConfigurationList = C71E290525DF50FA009DC9B2 /* Build configuration list for PBXNativeTarget "fixster" */;
			buildPhases = (
				12C37738C312D518579FD041 /* [CP] Check Pods Manifest.lock */,
				C71E28D725DF50F4009DC9B2 /* Sources */,
				C71E28D825DF50F4009DC9B2 /* Frameworks */,
				C71E28D925DF50F4009DC9B2 /* Resources */,
				D1BB9B62E26F924EDE0AAE5F /* [CP] Embed Pods Frameworks */,
			);
			buildRules = (
			);
			dependencies = (
			);
			name = fixster;
			productName = fixster;
			productReference = C71E28DB25DF50F4009DC9B2 /* fixster.app */;
			productType = "com.apple.product-type.application";
		};
		C71E28F025DF50FA009DC9B2 /* fixsterTests */ = {
			isa = PBXNativeTarget;
			buildConfigurationList = C71E290825DF50FA009DC9B2 /* Build configuration list for PBXNativeTarget "fixsterTests" */;
			buildPhases = (
				EC5570AAAF20CC7AF58993FC /* [CP] Check Pods Manifest.lock */,
				C71E28ED25DF50FA009DC9B2 /* Sources */,
				C71E28EE25DF50FA009DC9B2 /* Frameworks */,
				C71E28EF25DF50FA009DC9B2 /* Resources */,
			);
			buildRules = (
			);
			dependencies = (
				C71E28F325DF50FA009DC9B2 /* PBXTargetDependency */,
			);
			name = fixsterTests;
			productName = fixsterTests;
			productReference = C71E28F125DF50FA009DC9B2 /* fixsterTests.xctest */;
			productType = "com.apple.product-type.bundle.unit-test";
		};
		C71E28FB25DF50FA009DC9B2 /* fixsterUITests */ = {
			isa = PBXNativeTarget;
			buildConfigurationList = C71E290B25DF50FA009DC9B2 /* Build configuration list for PBXNativeTarget "fixsterUITests" */;
			buildPhases = (
				1BF6CFFDAA5FDF4314F9F350 /* [CP] Check Pods Manifest.lock */,
				C71E28F825DF50FA009DC9B2 /* Sources */,
				C71E28F925DF50FA009DC9B2 /* Frameworks */,
				C71E28FA25DF50FA009DC9B2 /* Resources */,
				2010C6BA6D371EA55B05ED4D /* [CP] Embed Pods Frameworks */,
			);
			buildRules = (
			);
			dependencies = (
				C71E28FE25DF50FA009DC9B2 /* PBXTargetDependency */,
			);
			name = fixsterUITests;
			productName = fixsterUITests;
			productReference = C71E28FC25DF50FA009DC9B2 /* fixsterUITests.xctest */;
			productType = "com.apple.product-type.bundle.ui-testing";
		};
/* End PBXNativeTarget section */

/* Begin PBXProject section */
		C71E28D325DF50F4009DC9B2 /* Project object */ = {
			isa = PBXProject;
			attributes = {
				LastSwiftUpdateCheck = 1130;
				LastUpgradeCheck = 1130;
				ORGANIZATIONNAME = Codepath;
				TargetAttributes = {
					C71E28DA25DF50F4009DC9B2 = {
						CreatedOnToolsVersion = 11.3.1;
					};
					C71E28F025DF50FA009DC9B2 = {
						CreatedOnToolsVersion = 11.3.1;
						TestTargetID = C71E28DA25DF50F4009DC9B2;
					};
					C71E28FB25DF50FA009DC9B2 = {
						CreatedOnToolsVersion = 11.3.1;
						TestTargetID = C71E28DA25DF50F4009DC9B2;
					};
				};
			};
			buildConfigurationList = C71E28D625DF50F4009DC9B2 /* Build configuration list for PBXProject "fixster" */;
			compatibilityVersion = "Xcode 9.3";
			developmentRegion = en;
			hasScannedForEncodings = 0;
			knownRegions = (
				en,
				Base,
			);
			mainGroup = C71E28D225DF50F4009DC9B2;
			productRefGroup = C71E28DC25DF50F4009DC9B2 /* Products */;
			projectDirPath = "";
			projectRoot = "";
			targets = (
				C71E28DA25DF50F4009DC9B2 /* fixster */,
				C71E28F025DF50FA009DC9B2 /* fixsterTests */,
				C71E28FB25DF50FA009DC9B2 /* fixsterUITests */,
			);
		};
/* End PBXProject section */

/* Begin PBXResourcesBuildPhase section */
		C71E28D925DF50F4009DC9B2 /* Resources */ = {
			isa = PBXResourcesBuildPhase;
			buildActionMask = 2147483647;
			files = (
				C71E28EB25DF50F9009DC9B2 /* LaunchScreen.storyboard in Resources */,
				C71E28E825DF50F9009DC9B2 /* Assets.xcassets in Resources */,
				C71E28E625DF50F4009DC9B2 /* Main.storyboard in Resources */,
			);
			runOnlyForDeploymentPostprocessing = 0;
		};
		C71E28EF25DF50FA009DC9B2 /* Resources */ = {
			isa = PBXResourcesBuildPhase;
			buildActionMask = 2147483647;
			files = (
			);
			runOnlyForDeploymentPostprocessing = 0;
		};
		C71E28FA25DF50FA009DC9B2 /* Resources */ = {
			isa = PBXResourcesBuildPhase;
			buildActionMask = 2147483647;
			files = (
			);
			runOnlyForDeploymentPostprocessing = 0;
		};
/* End PBXResourcesBuildPhase section */

/* Begin PBXShellScriptBuildPhase section */
		12C37738C312D518579FD041 /* [CP] Check Pods Manifest.lock */ = {
			isa = PBXShellScriptBuildPhase;
			buildActionMask = 2147483647;
			files = (
			);
			inputFileListPaths = (
			);
			inputPaths = (
				"${PODS_PODFILE_DIR_PATH}/Podfile.lock",
				"${PODS_ROOT}/Manifest.lock",
			);
			name = "[CP] Check Pods Manifest.lock";
			outputFileListPaths = (
			);
			outputPaths = (
				"$(DERIVED_FILE_DIR)/Pods-fixster-checkManifestLockResult.txt",
			);
			runOnlyForDeploymentPostprocessing = 0;
			shellPath = /bin/sh;
			shellScript = "diff \"${PODS_PODFILE_DIR_PATH}/Podfile.lock\" \"${PODS_ROOT}/Manifest.lock\" > /dev/null\nif [ $? != 0 ] ; then\n    # print error to STDERR\n    echo \"error: The sandbox is not in sync with the Podfile.lock. Run 'pod install' or update your CocoaPods installation.\" >&2\n    exit 1\nfi\n# This output is used by Xcode 'outputs' to avoid re-running this script phase.\necho \"SUCCESS\" > \"${SCRIPT_OUTPUT_FILE_0}\"\n";
			showEnvVarsInLog = 0;
		};
		1BF6CFFDAA5FDF4314F9F350 /* [CP] Check Pods Manifest.lock */ = {
			isa = PBXShellScriptBuildPhase;
			buildActionMask = 2147483647;
			files = (
			);
			inputFileListPaths = (
			);
			inputPaths = (
				"${PODS_PODFILE_DIR_PATH}/Podfile.lock",
				"${PODS_ROOT}/Manifest.lock",
			);
			name = "[CP] Check Pods Manifest.lock";
			outputFileListPaths = (
			);
			outputPaths = (
				"$(DERIVED_FILE_DIR)/Pods-fixster-fixsterUITests-checkManifestLockResult.txt",
			);
			runOnlyForDeploymentPostprocessing = 0;
			shellPath = /bin/sh;
			shellScript = "diff \"${PODS_PODFILE_DIR_PATH}/Podfile.lock\" \"${PODS_ROOT}/Manifest.lock\" > /dev/null\nif [ $? != 0 ] ; then\n    # print error to STDERR\n    echo \"error: The sandbox is not in sync with the Podfile.lock. Run 'pod install' or update your CocoaPods installation.\" >&2\n    exit 1\nfi\n# This output is used by Xcode 'outputs' to avoid re-running this script phase.\necho \"SUCCESS\" > \"${SCRIPT_OUTPUT_FILE_0}\"\n";
			showEnvVarsInLog = 0;
		};
		2010C6BA6D371EA55B05ED4D /* [CP] Embed Pods Frameworks */ = {
			isa = PBXShellScriptBuildPhase;
			buildActionMask = 2147483647;
			files = (
			);
			inputFileListPaths = (
				"${PODS_ROOT}/Target Support Files/Pods-fixster-fixsterUITests/Pods-fixster-fixsterUITests-frameworks-${CONFIGURATION}-input-files.xcfilelist",
			);
			name = "[CP] Embed Pods Frameworks";
			outputFileListPaths = (
				"${PODS_ROOT}/Target Support Files/Pods-fixster-fixsterUITests/Pods-fixster-fixsterUITests-frameworks-${CONFIGURATION}-output-files.xcfilelist",
			);
			runOnlyForDeploymentPostprocessing = 0;
			shellPath = /bin/sh;
			shellScript = "\"${PODS_ROOT}/Target Support Files/Pods-fixster-fixsterUITests/Pods-fixster-fixsterUITests-frameworks.sh\"\n";
			showEnvVarsInLog = 0;
		};
		D1BB9B62E26F924EDE0AAE5F /* [CP] Embed Pods Frameworks */ = {
			isa = PBXShellScriptBuildPhase;
			buildActionMask = 2147483647;
			files = (
			);
			inputFileListPaths = (
				"${PODS_ROOT}/Target Support Files/Pods-fixster/Pods-fixster-frameworks-${CONFIGURATION}-input-files.xcfilelist",
			);
			name = "[CP] Embed Pods Frameworks";
			outputFileListPaths = (
				"${PODS_ROOT}/Target Support Files/Pods-fixster/Pods-fixster-frameworks-${CONFIGURATION}-output-files.xcfilelist",
			);
			runOnlyForDeploymentPostprocessing = 0;
			shellPath = /bin/sh;
			shellScript = "\"${PODS_ROOT}/Target Support Files/Pods-fixster/Pods-fixster-frameworks.sh\"\n";
			showEnvVarsInLog = 0;
		};
		EC5570AAAF20CC7AF58993FC /* [CP] Check Pods Manifest.lock */ = {
			isa = PBXShellScriptBuildPhase;
			buildActionMask = 2147483647;
			files = (
			);
			inputFileListPaths = (
			);
			inputPaths = (
				"${PODS_PODFILE_DIR_PATH}/Podfile.lock",
				"${PODS_ROOT}/Manifest.lock",
			);
			name = "[CP] Check Pods Manifest.lock";
			outputFileListPaths = (
			);
			outputPaths = (
				"$(DERIVED_FILE_DIR)/Pods-fixsterTests-checkManifestLockResult.txt",
			);
			runOnlyForDeploymentPostprocessing = 0;
			shellPath = /bin/sh;
			shellScript = "diff \"${PODS_PODFILE_DIR_PATH}/Podfile.lock\" \"${PODS_ROOT}/Manifest.lock\" > /dev/null\nif [ $? != 0 ] ; then\n    # print error to STDERR\n    echo \"error: The sandbox is not in sync with the Podfile.lock. Run 'pod install' or update your CocoaPods installation.\" >&2\n    exit 1\nfi\n# This output is used by Xcode 'outputs' to avoid re-running this script phase.\necho \"SUCCESS\" > \"${SCRIPT_OUTPUT_FILE_0}\"\n";
			showEnvVarsInLog = 0;
		};
/* End PBXShellScriptBuildPhase section */

/* Begin PBXSourcesBuildPhase section */
		C71E28D725DF50F4009DC9B2 /* Sources */ = {
			isa = PBXSourcesBuildPhase;
			buildActionMask = 2147483647;
			files = (
				C746044525E88A42004CAA96 /* MovieDetailsViewController.swift in Sources */,
				C71E28DF25DF50F4009DC9B2 /* AppDelegate.swift in Sources */,
				C71E28E125DF50F4009DC9B2 /* SceneDelegate.swift in Sources */,
				C71E291125DF7528009DC9B2 /* MovieCell.swift in Sources */,
				C71E290F25DF5284009DC9B2 /* MoviesViewController.swift in Sources */,
				C746044725E8A18C004CAA96 /* MovieGridViewController.swift in Sources */,
				C746044925E8A787004CAA96 /* MovieGridCell.swift in Sources */,
			);
			runOnlyForDeploymentPostprocessing = 0;
		};
		C71E28ED25DF50FA009DC9B2 /* Sources */ = {
			isa = PBXSourcesBuildPhase;
			buildActionMask = 2147483647;
			files = (
				C71E28F625DF50FA009DC9B2 /* fixsterTests.swift in Sources */,
			);
			runOnlyForDeploymentPostprocessing = 0;
		};
		C71E28F825DF50FA009DC9B2 /* Sources */ = {
			isa = PBXSourcesBuildPhase;
			buildActionMask = 2147483647;
			files = (
				C71E290125DF50FA009DC9B2 /* fixsterUITests.swift in Sources */,
			);
			runOnlyForDeploymentPostprocessing = 0;
		};
/* End PBXSourcesBuildPhase section */

/* Begin PBXTargetDependency section */
		C71E28F325DF50FA009DC9B2 /* PBXTargetDependency */ = {
			isa = PBXTargetDependency;
			target = C71E28DA25DF50F4009DC9B2 /* fixster */;
			targetProxy = C71E28F225DF50FA009DC9B2 /* PBXContainerItemProxy */;
		};
		C71E28FE25DF50FA009DC9B2 /* PBXTargetDependency */ = {
			isa = PBXTargetDependency;
			target = C71E28DA25DF50F4009DC9B2 /* fixster */;
			targetProxy = C71E28FD25DF50FA009DC9B2 /* PBXContainerItemProxy */;
		};
/* End PBXTargetDependency section */

/* Begin PBXVariantGroup section */
		C71E28E425DF50F4009DC9B2 /* Main.storyboard */ = {
			isa = PBXVariantGroup;
			children = (
				C71E28E525DF50F4009DC9B2 /* Base */,
			);
			name = Main.storyboard;
			sourceTree = "<group>";
		};
		C71E28E925DF50F9009DC9B2 /* LaunchScreen.storyboard */ = {
			isa = PBXVariantGroup;
			children = (
				C71E28EA25DF50F9009DC9B2 /* Base */,
			);
			name = LaunchScreen.storyboard;
			sourceTree = "<group>";
		};
/* End PBXVariantGroup section */

/* Begin XCBuildConfiguration section */
		C71E290325DF50FA009DC9B2 /* Debug */ = {
			isa = XCBuildConfiguration;
			buildSettings = {
				ALWAYS_SEARCH_USER_PATHS = NO;
				CLANG_ANALYZER_NONNULL = YES;
				CLANG_ANALYZER_NUMBER_OBJECT_CONVERSION = YES_AGGRESSIVE;
				CLANG_CXX_LANGUAGE_STANDARD = "gnu++14";
				CLANG_CXX_LIBRARY = "libc++";
				CLANG_ENABLE_MODULES = YES;
				CLANG_ENABLE_OBJC_ARC = YES;
				CLANG_ENABLE_OBJC_WEAK = YES;
				CLANG_WARN_BLOCK_CAPTURE_AUTORELEASING = YES;
				CLANG_WARN_BOOL_CONVERSION = YES;
				CLANG_WARN_COMMA = YES;
				CLANG_WARN_CONSTANT_CONVERSION = YES;
				CLANG_WARN_DEPRECATED_OBJC_IMPLEMENTATIONS = YES;
				CLANG_WARN_DIRECT_OBJC_ISA_USAGE = YES_ERROR;
				CLANG_WARN_DOCUMENTATION_COMMENTS = YES;
				CLANG_WARN_EMPTY_BODY = YES;
				CLANG_WARN_ENUM_CONVERSION = YES;
				CLANG_WARN_INFINITE_RECURSION = YES;
				CLANG_WARN_INT_CONVERSION = YES;
				CLANG_WARN_NON_LITERAL_NULL_CONVERSION = YES;
				CLANG_WARN_OBJC_IMPLICIT_RETAIN_SELF = YES;
				CLANG_WARN_OBJC_LITERAL_CONVERSION = YES;
				CLANG_WARN_OBJC_ROOT_CLASS = YES_ERROR;
				CLANG_WARN_RANGE_LOOP_ANALYSIS = YES;
				CLANG_WARN_STRICT_PROTOTYPES = YES;
				CLANG_WARN_SUSPICIOUS_MOVE = YES;
				CLANG_WARN_UNGUARDED_AVAILABILITY = YES_AGGRESSIVE;
				CLANG_WARN_UNREACHABLE_CODE = YES;
				CLANG_WARN__DUPLICATE_METHOD_MATCH = YES;
				COPY_PHASE_STRIP = NO;
				DEBUG_INFORMATION_FORMAT = dwarf;
				ENABLE_STRICT_OBJC_MSGSEND = YES;
				ENABLE_TESTABILITY = YES;
				GCC_C_LANGUAGE_STANDARD = gnu11;
				GCC_DYNAMIC_NO_PIC = NO;
				GCC_NO_COMMON_BLOCKS = YES;
				GCC_OPTIMIZATION_LEVEL = 0;
				GCC_PREPROCESSOR_DEFINITIONS = (
					"DEBUG=1",
					"$(inherited)",
				);
				GCC_WARN_64_TO_32_BIT_CONVERSION = YES;
				GCC_WARN_ABOUT_RETURN_TYPE = YES_ERROR;
				GCC_WARN_UNDECLARED_SELECTOR = YES;
				GCC_WARN_UNINITIALIZED_AUTOS = YES_AGGRESSIVE;
				GCC_WARN_UNUSED_FUNCTION = YES;
				GCC_WARN_UNUSED_VARIABLE = YES;
				IPHONEOS_DEPLOYMENT_TARGET = 13.2;
				MTL_ENABLE_DEBUG_INFO = INCLUDE_SOURCE;
				MTL_FAST_MATH = YES;
				ONLY_ACTIVE_ARCH = YES;
				SDKROOT = iphoneos;
				SWIFT_ACTIVE_COMPILATION_CONDITIONS = DEBUG;
				SWIFT_OPTIMIZATION_LEVEL = "-Onone";
			};
			name = Debug;
		};
		C71E290425DF50FA009DC9B2 /* Release */ = {
			isa = XCBuildConfiguration;
			buildSettings = {
				ALWAYS_SEARCH_USER_PATHS = NO;
				CLANG_ANALYZER_NONNULL = YES;
				CLANG_ANALYZER_NUMBER_OBJECT_CONVERSION = YES_AGGRESSIVE;
				CLANG_CXX_LANGUAGE_STANDARD = "gnu++14";
				CLANG_CXX_LIBRARY = "libc++";
				CLANG_ENABLE_MODULES = YES;
				CLANG_ENABLE_OBJC_ARC = YES;
				CLANG_ENABLE_OBJC_WEAK = YES;
				CLANG_WARN_BLOCK_CAPTURE_AUTORELEASING = YES;
				CLANG_WARN_BOOL_CONVERSION = YES;
				CLANG_WARN_COMMA = YES;
				CLANG_WARN_CONSTANT_CONVERSION = YES;
				CLANG_WARN_DEPRECATED_OBJC_IMPLEMENTATIONS = YES;
				CLANG_WARN_DIRECT_OBJC_ISA_USAGE = YES_ERROR;
				CLANG_WARN_DOCUMENTATION_COMMENTS = YES;
				CLANG_WARN_EMPTY_BODY = YES;
				CLANG_WARN_ENUM_CONVERSION = YES;
				CLANG_WARN_INFINITE_RECURSION = YES;
				CLANG_WARN_INT_CONVERSION = YES;
				CLANG_WARN_NON_LITERAL_NULL_CONVERSION = YES;
				CLANG_WARN_OBJC_IMPLICIT_RETAIN_SELF = YES;
				CLANG_WARN_OBJC_LITERAL_CONVERSION = YES;
				CLANG_WARN_OBJC_ROOT_CLASS = YES_ERROR;
				CLANG_WARN_RANGE_LOOP_ANALYSIS = YES;
				CLANG_WARN_STRICT_PROTOTYPES = YES;
				CLANG_WARN_SUSPICIOUS_MOVE = YES;
				CLANG_WARN_UNGUARDED_AVAILABILITY = YES_AGGRESSIVE;
				CLANG_WARN_UNREACHABLE_CODE = YES;
				CLANG_WARN__DUPLICATE_METHOD_MATCH = YES;
				COPY_PHASE_STRIP = NO;
				DEBUG_INFORMATION_FORMAT = "dwarf-with-dsym";
				ENABLE_NS_ASSERTIONS = NO;
				ENABLE_STRICT_OBJC_MSGSEND = YES;
				GCC_C_LANGUAGE_STANDARD = gnu11;
				GCC_NO_COMMON_BLOCKS = YES;
				GCC_WARN_64_TO_32_BIT_CONVERSION = YES;
				GCC_WARN_ABOUT_RETURN_TYPE = YES_ERROR;
				GCC_WARN_UNDECLARED_SELECTOR = YES;
				GCC_WARN_UNINITIALIZED_AUTOS = YES_AGGRESSIVE;
				GCC_WARN_UNUSED_FUNCTION = YES;
				GCC_WARN_UNUSED_VARIABLE = YES;
				IPHONEOS_DEPLOYMENT_TARGET = 13.2;
				MTL_ENABLE_DEBUG_INFO = NO;
				MTL_FAST_MATH = YES;
				SDKROOT = iphoneos;
				SWIFT_COMPILATION_MODE = wholemodule;
				SWIFT_OPTIMIZATION_LEVEL = "-O";
				VALIDATE_PRODUCT = YES;
			};
			name = Release;
		};
		C71E290625DF50FA009DC9B2 /* Debug */ = {
			isa = XCBuildConfiguration;
			baseConfigurationReference = BC648E7B6E117E3BF7D02C55 /* Pods-fixster.debug.xcconfig */;
			buildSettings = {
				ASSETCATALOG_COMPILER_APPICON_NAME = AppIcon;
				CODE_SIGN_STYLE = Automatic;
				INFOPLIST_FILE = fixster/Info.plist;
				LD_RUNPATH_SEARCH_PATHS = (
					"$(inherited)",
					"@executable_path/Frameworks",
				);
				PRODUCT_BUNDLE_IDENTIFIER = com.codepath.fixster;
				PRODUCT_NAME = "$(TARGET_NAME)";
				SWIFT_VERSION = 5.0;
				TARGETED_DEVICE_FAMILY = "1,2";
			};
			name = Debug;
		};
		C71E290725DF50FA009DC9B2 /* Release */ = {
			isa = XCBuildConfiguration;
			baseConfigurationReference = 13CF0D5FC8DB2376139EC92A /* Pods-fixster.release.xcconfig */;
			buildSettings = {
				ASSETCATALOG_COMPILER_APPICON_NAME = AppIcon;
				CODE_SIGN_STYLE = Automatic;
				INFOPLIST_FILE = fixster/Info.plist;
				LD_RUNPATH_SEARCH_PATHS = (
					"$(inherited)",
					"@executable_path/Frameworks",
				);
				PRODUCT_BUNDLE_IDENTIFIER = com.codepath.fixster;
				PRODUCT_NAME = "$(TARGET_NAME)";
				SWIFT_VERSION = 5.0;
				TARGETED_DEVICE_FAMILY = "1,2";
			};
			name = Release;
		};
		C71E290925DF50FA009DC9B2 /* Debug */ = {
			isa = XCBuildConfiguration;
			baseConfigurationReference = FA8701CC43EDD59B1481FB3C /* Pods-fixsterTests.debug.xcconfig */;
			buildSettings = {
				ALWAYS_EMBED_SWIFT_STANDARD_LIBRARIES = YES;
				BUNDLE_LOADER = "$(TEST_HOST)";
				CODE_SIGN_STYLE = Automatic;
				INFOPLIST_FILE = fixsterTests/Info.plist;
				IPHONEOS_DEPLOYMENT_TARGET = 13.2;
				LD_RUNPATH_SEARCH_PATHS = (
					"$(inherited)",
					"@executable_path/Frameworks",
					"@loader_path/Frameworks",
				);
				PRODUCT_BUNDLE_IDENTIFIER = com.codepath.fixsterTests;
				PRODUCT_NAME = "$(TARGET_NAME)";
				SWIFT_VERSION = 5.0;
				TARGETED_DEVICE_FAMILY = "1,2";
				TEST_HOST = "$(BUILT_PRODUCTS_DIR)/fixster.app/fixster";
			};
			name = Debug;
		};
		C71E290A25DF50FA009DC9B2 /* Release */ = {
			isa = XCBuildConfiguration;
			baseConfigurationReference = DEED0A655AE5B8B5FD04F5E4 /* Pods-fixsterTests.release.xcconfig */;
			buildSettings = {
				ALWAYS_EMBED_SWIFT_STANDARD_LIBRARIES = YES;
				BUNDLE_LOADER = "$(TEST_HOST)";
				CODE_SIGN_STYLE = Automatic;
				INFOPLIST_FILE = fixsterTests/Info.plist;
				IPHONEOS_DEPLOYMENT_TARGET = 13.2;
				LD_RUNPATH_SEARCH_PATHS = (
					"$(inherited)",
					"@executable_path/Frameworks",
					"@loader_path/Frameworks",
				);
				PRODUCT_BUNDLE_IDENTIFIER = com.codepath.fixsterTests;
				PRODUCT_NAME = "$(TARGET_NAME)";
				SWIFT_VERSION = 5.0;
				TARGETED_DEVICE_FAMILY = "1,2";
				TEST_HOST = "$(BUILT_PRODUCTS_DIR)/fixster.app/fixster";
			};
			name = Release;
		};
		C71E290C25DF50FA009DC9B2 /* Debug */ = {
			isa = XCBuildConfiguration;
			baseConfigurationReference = 2BA8FE57474C3DC6A4AC711D /* Pods-fixster-fixsterUITests.debug.xcconfig */;
			buildSettings = {
				ALWAYS_EMBED_SWIFT_STANDARD_LIBRARIES = YES;
				CODE_SIGN_STYLE = Automatic;
				INFOPLIST_FILE = fixsterUITests/Info.plist;
				LD_RUNPATH_SEARCH_PATHS = (
					"$(inherited)",
					"@executable_path/Frameworks",
					"@loader_path/Frameworks",
				);
				PRODUCT_BUNDLE_IDENTIFIER = com.codepath.fixsterUITests;
				PRODUCT_NAME = "$(TARGET_NAME)";
				SWIFT_VERSION = 5.0;
				TARGETED_DEVICE_FAMILY = "1,2";
				TEST_TARGET_NAME = fixster;
			};
			name = Debug;
		};
		C71E290D25DF50FA009DC9B2 /* Release */ = {
			isa = XCBuildConfiguration;
			baseConfigurationReference = 1714604D5D3BE6116500C7A5 /* Pods-fixster-fixsterUITests.release.xcconfig */;
			buildSettings = {
				ALWAYS_EMBED_SWIFT_STANDARD_LIBRARIES = YES;
				CODE_SIGN_STYLE = Automatic;
				INFOPLIST_FILE = fixsterUITests/Info.plist;
				LD_RUNPATH_SEARCH_PATHS = (
					"$(inherited)",
					"@executable_path/Frameworks",
					"@loader_path/Frameworks",
				);
				PRODUCT_BUNDLE_IDENTIFIER = com.codepath.fixsterUITests;
				PRODUCT_NAME = "$(TARGET_NAME)";
				SWIFT_VERSION = 5.0;
				TARGETED_DEVICE_FAMILY = "1,2";
				TEST_TARGET_NAME = fixster;
			};
			name = Release;
		};
/* End XCBuildConfiguration section */

/* Begin XCConfigurationList section */
		C71E28D625DF50F4009DC9B2 /* Build configuration list for PBXProject "fixster" */ = {
			isa = XCConfigurationList;
			buildConfigurations = (
				C71E290325DF50FA009DC9B2 /* Debug */,
				C71E290425DF50FA009DC9B2 /* Release */,
			);
			defaultConfigurationIsVisible = 0;
			defaultConfigurationName = Release;
		};
		C71E290525DF50FA009DC9B2 /* Build configuration list for PBXNativeTarget "fixster" */ = {
			isa = XCConfigurationList;
			buildConfigurations = (
				C71E290625DF50FA009DC9B2 /* Debug */,
				C71E290725DF50FA009DC9B2 /* Release */,
			);
			defaultConfigurationIsVisible = 0;
			defaultConfigurationName = Release;
		};
		C71E290825DF50FA009DC9B2 /* Build configuration list for PBXNativeTarget "fixsterTests" */ = {
			isa = XCConfigurationList;
			buildConfigurations = (
				C71E290925DF50FA009DC9B2 /* Debug */,
				C71E290A25DF50FA009DC9B2 /* Release */,
			);
			defaultConfigurationIsVisible = 0;
			defaultConfigurationName = Release;
		};
		C71E290B25DF50FA009DC9B2 /* Build configuration list for PBXNativeTarget "fixsterUITests" */ = {
			isa = XCConfigurationList;
			buildConfigurations = (
				C71E290C25DF50FA009DC9B2 /* Debug */,
				C71E290D25DF50FA009DC9B2 /* Release */,
			);
			defaultConfigurationIsVisible = 0;
			defaultConfigurationName = Release;
		};
/* End XCConfigurationList section */
	};
	rootObject = C71E28D325DF50F4009DC9B2 /* Project object */;
}
